
Microsoft Visual Studio Solution File, Format Version 12.00
# Visual Studio Version 17
VisualStudioVersion = 17.4.33213.308
MinimumVisualStudioVersion = 10.0.40219.1
Project("{9A19103F-16F7-4668-BE54-9A1E7A4F7556}") = "RegularCustomer", "DZ-5m-33l\RegularCustomer.csproj", "{103DA3F2-C046-48B8-B9EA-6BFB1B6674C5}"
EndProject
Project("{FAE04EC0-301F-11D3-BF4B-00C04F79EFBC}") = "Librarian", "Librarian\Librarian.csproj", "{64682889-CCCD-4894-A0EE-8E68E57579E6}"
EndProject
Global
	GlobalSection(SolutionConfigurationPlatforms) = preSolution
		Debug|Any CPU = Debug|Any CPU
		Release|Any CPU = Release|Any CPU
	EndGlobalSection
	GlobalSection(ProjectConfigurationPlatforms) = postSolution
		{103DA3F2-C046-48B8-B9EA-6BFB1B6674C5}.Debug|Any CPU.ActiveCfg = Debug|Any CPU
		{103DA3F2-C046-48B8-B9EA-6BFB1B6674C5}.Debug|Any CPU.Build.0 = Debug|Any CPU
		{103DA3F2-C046-48B8-B9EA-6BFB1B6674C5}.Release|Any CPU.ActiveCfg = Release|Any CPU
		{103DA3F2-C046-48B8-B9EA-6BFB1B6674C5}.Release|Any CPU.Build.0 = Release|Any CPU
		{64682889-CCCD-4894-A0EE-8E68E57579E6}.Debug|Any CPU.ActiveCfg = Debug|Any CPU
		{64682889-CCCD-4894-A0EE-8E68E57579E6}.Debug|Any CPU.Build.0 = Debug|Any CPU
		{64682889-CCCD-4894-A0EE-8E68E57579E6}.Release|Any CPU.ActiveCfg = Release|Any CPU
		{64682889-CCCD-4894-A0EE-8E68E57579E6}.Release|Any CPU.Build.0 = Release|Any CPU
	EndGlobalSection
	GlobalSection(SolutionProperties) = preSolution
		HideSolutionNode = FALSE
	EndGlobalSection
	GlobalSection(ExtensibilityGlobals) = postSolution
		SolutionGuid = {293A4E01-B509-4678-A410-96CD58E30FC9}
	EndGlobalSection
EndGlobal
